// !$*UTF8*$!
{
	archiveVersion = 1;
	classes = {
	};
	objectVersion = 46;
	objects = {

/* Begin PBXBuildFile section */
		EE249A4315D59F04001A63D7 /* SMDocument.h in Headers */ = {isa = PBXBuildFile; fileRef = EE249A4115D59F04001A63D7 /* SMDocument.h */; settings = {ATTRIBUTES = (Public, ); }; };
		EE249A4415D59F04001A63D7 /* SMDocument.m in Sources */ = {isa = PBXBuildFile; fileRef = EE249A4215D59F04001A63D7 /* SMDocument.m */; };
		EE249A4815D59F4B001A63D7 /* SMMedication.h in Headers */ = {isa = PBXBuildFile; fileRef = EE249A4615D59F4B001A63D7 /* SMMedication.h */; settings = {ATTRIBUTES = (Public, ); }; };
		EE249A4915D59F4B001A63D7 /* SMMedication.m in Sources */ = {isa = PBXBuildFile; fileRef = EE249A4715D59F4B001A63D7 /* SMMedication.m */; };
		EE249AB315D5CBB1001A63D7 /* libraptor2.a in Frameworks */ = {isa = PBXBuildFile; fileRef = EE249AB215D5CBB1001A63D7 /* libraptor2.a */; };
		EE249AB515D5CBB4001A63D7 /* librasqal.a in Frameworks */ = {isa = PBXBuildFile; fileRef = EE249AB415D5CBB4001A63D7 /* librasqal.a */; };
		EE249AB715D5CBB6001A63D7 /* librdf.a in Frameworks */ = {isa = PBXBuildFile; fileRef = EE249AB615D5CBB6001A63D7 /* librdf.a */; };
		EE42D04C15DEB4C900F03EB0 /* SMART.h in Headers */ = {isa = PBXBuildFile; fileRef = EE42D04B15DEB4C900F03EB0 /* SMART.h */; settings = {ATTRIBUTES = (Public, ); }; };
		EE5144FE15DAF60B00DA9BA2 /* SMDemographics.h in Headers */ = {isa = PBXBuildFile; fileRef = EE5144FC15DAF60A00DA9BA2 /* SMDemographics.h */; settings = {ATTRIBUTES = (Public, ); }; };
		EE5144FF15DAF60B00DA9BA2 /* SMDemographics.m in Sources */ = {isa = PBXBuildFile; fileRef = EE5144FD15DAF60A00DA9BA2 /* SMDemographics.m */; };
		EE68EB5C15DC54CC006B149E /* SMObject.h in Headers */ = {isa = PBXBuildFile; fileRef = EE68EB5A15DC54CC006B149E /* SMObject.h */; settings = {ATTRIBUTES = (Public, ); }; };
		EE68EB5D15DC54CC006B149E /* SMObject.m in Sources */ = {isa = PBXBuildFile; fileRef = EE68EB5B15DC54CC006B149E /* SMObject.m */; };
		EE68EB6115DC55E9006B149E /* SMName.h in Headers */ = {isa = PBXBuildFile; fileRef = EE68EB5F15DC55E9006B149E /* SMName.h */; settings = {ATTRIBUTES = (Public, ); }; };
		EE68EB6215DC55E9006B149E /* SMName.m in Sources */ = {isa = PBXBuildFile; fileRef = EE68EB6015DC55E9006B149E /* SMName.m */; };
		EE6A5A7E15CC723500DD0F68 /* libredland-ios.a in Frameworks */ = {isa = PBXBuildFile; fileRef = EE6A5A7D15CC723500DD0F68 /* libredland-ios.a */; };
		EE6A5A8215CC72D500DD0F68 /* TestServer.m in Sources */ = {isa = PBXBuildFile; fileRef = EE6A5A8115CC72D500DD0F68 /* TestServer.m */; };
		EE6A5A8515CC731200DD0F68 /* TestServerCalls.m in Sources */ = {isa = PBXBuildFile; fileRef = EE6A5A8415CC731200DD0F68 /* TestServerCalls.m */; };
		EE6A5A9015CC736E00DD0F68 /* SMMockServer.m in Sources */ = {isa = PBXBuildFile; fileRef = EE6A5A8F15CC736E00DD0F68 /* SMMockServer.m */; };
		EE6A5A9615CC753800DD0F68 /* SMRecord.h in Headers */ = {isa = PBXBuildFile; fileRef = EE6A5A9415CC753800DD0F68 /* SMRecord.h */; settings = {ATTRIBUTES = (Public, ); }; };
		EE6A5A9715CC753800DD0F68 /* SMRecord.m in Sources */ = {isa = PBXBuildFile; fileRef = EE6A5A9515CC753800DD0F68 /* SMRecord.m */; };
		EE832F7D15D004A500E7FFF1 /* libxml2.dylib in Frameworks */ = {isa = PBXBuildFile; fileRef = EE832F7C15D004A500E7FFF1 /* libxml2.dylib */; };
		EE832F8115D006D100E7FFF1 /* SMLoginViewController.h in Headers */ = {isa = PBXBuildFile; fileRef = EE832F7F15D006D100E7FFF1 /* SMLoginViewController.h */; settings = {ATTRIBUTES = (Public, ); }; };
		EE832F8315D006EE00E7FFF1 /* SMLoginViewController.m in Sources */ = {isa = PBXBuildFile; fileRef = EE832F8015D006D100E7FFF1 /* SMLoginViewController.m */; };
		EEC9C59915CB2EA800B7C568 /* Foundation.framework in Frameworks */ = {isa = PBXBuildFile; fileRef = EEC9C59815CB2EA800B7C568 /* Foundation.framework */; };
		EEC9C5A715CB2EA900B7C568 /* SenTestingKit.framework in Frameworks */ = {isa = PBXBuildFile; fileRef = EEC9C5A615CB2EA900B7C568 /* SenTestingKit.framework */; };
		EEC9C5AA15CB2EA900B7C568 /* Foundation.framework in Frameworks */ = {isa = PBXBuildFile; fileRef = EEC9C59815CB2EA800B7C568 /* Foundation.framework */; };
		EEC9C5AD15CB2EA900B7C568 /* libSMART.a in Frameworks */ = {isa = PBXBuildFile; fileRef = EEC9C59515CB2EA800B7C568 /* libSMART.a */; };
		EEE82D8515D008510017EA0B /* IndivoActionView.h in Headers */ = {isa = PBXBuildFile; fileRef = EEE82D8315D008500017EA0B /* IndivoActionView.h */; settings = {ATTRIBUTES = (Public, ); }; };
		EEE82D8615D008510017EA0B /* IndivoActionView.m in Sources */ = {isa = PBXBuildFile; fileRef = EEE82D8415D008500017EA0B /* IndivoActionView.m */; };
		EEE82D8D15D00D810017EA0B /* SMARTDocuments.h in Headers */ = {isa = PBXBuildFile; fileRef = EEE82D8C15D00D810017EA0B /* SMARTDocuments.h */; settings = {ATTRIBUTES = (Public, ); }; };
		EEE82D9015D01E780017EA0B /* libredland-ios.a in Frameworks */ = {isa = PBXBuildFile; fileRef = EE6A5A7D15CC723500DD0F68 /* libredland-ios.a */; };
		EEE82D9215D02F4A0017EA0B /* UIKit.framework in Frameworks */ = {isa = PBXBuildFile; fileRef = EEE82D9115D02F4A0017EA0B /* UIKit.framework */; };
		EEE82D9615D02FD80017EA0B /* CoreGraphics.framework in Frameworks */ = {isa = PBXBuildFile; fileRef = EEE82D9415D02F970017EA0B /* CoreGraphics.framework */; };
		EEF0192A15CB447100FFD480 /* Config.h in Headers */ = {isa = PBXBuildFile; fileRef = EEF0192915CB447100FFD480 /* Config.h */; };
		EEF0193315CB448700FFD480 /* SMServer.h in Headers */ = {isa = PBXBuildFile; fileRef = EEF0192E15CB448700FFD480 /* SMServer.h */; settings = {ATTRIBUTES = (Public, ); }; };
		EEF0193415CB448700FFD480 /* SMServer.m in Sources */ = {isa = PBXBuildFile; fileRef = EEF0192F15CB448700FFD480 /* SMServer.m */; };
		EEF0196615CB453400FFD480 /* Base64Transcoder.c in Sources */ = {isa = PBXBuildFile; fileRef = EEF0193915CB453400FFD480 /* Base64Transcoder.c */; };
		EEF0196715CB453400FFD480 /* Base64Transcoder.h in Headers */ = {isa = PBXBuildFile; fileRef = EEF0193A15CB453400FFD480 /* Base64Transcoder.h */; };
		EEF0196815CB453400FFD480 /* MPDebug.h in Headers */ = {isa = PBXBuildFile; fileRef = EEF0193B15CB453400FFD480 /* MPDebug.h */; };
		EEF0196915CB453400FFD480 /* MPOAuth.h in Headers */ = {isa = PBXBuildFile; fileRef = EEF0193C15CB453400FFD480 /* MPOAuth.h */; settings = {ATTRIBUTES = (Public, ); }; };
		EEF0196A15CB453400FFD480 /* MPOAuthAPI.h in Headers */ = {isa = PBXBuildFile; fileRef = EEF0193D15CB453400FFD480 /* MPOAuthAPI.h */; settings = {ATTRIBUTES = (Public, ); }; };
		EEF0196B15CB453400FFD480 /* MPOAuthAPI.m in Sources */ = {isa = PBXBuildFile; fileRef = EEF0193E15CB453400FFD480 /* MPOAuthAPI.m */; };
		EEF0196C15CB453400FFD480 /* MPOAuthAPIRequestLoader.h in Headers */ = {isa = PBXBuildFile; fileRef = EEF0193F15CB453400FFD480 /* MPOAuthAPIRequestLoader.h */; settings = {ATTRIBUTES = (Public, ); }; };
		EEF0196D15CB453400FFD480 /* MPOAuthAPIRequestLoader.m in Sources */ = {isa = PBXBuildFile; fileRef = EEF0194015CB453400FFD480 /* MPOAuthAPIRequestLoader.m */; };
		EEF0196E15CB453400FFD480 /* MPOAuthAuthenticationMethod.h in Headers */ = {isa = PBXBuildFile; fileRef = EEF0194115CB453400FFD480 /* MPOAuthAuthenticationMethod.h */; };
		EEF0196F15CB453400FFD480 /* MPOAuthAuthenticationMethod.m in Sources */ = {isa = PBXBuildFile; fileRef = EEF0194215CB453400FFD480 /* MPOAuthAuthenticationMethod.m */; };
		EEF0197015CB453400FFD480 /* MPOAuthAuthenticationMethodAuthExchange.h in Headers */ = {isa = PBXBuildFile; fileRef = EEF0194315CB453400FFD480 /* MPOAuthAuthenticationMethodAuthExchange.h */; };
		EEF0197115CB453400FFD480 /* MPOAuthAuthenticationMethodAuthExchange.m in Sources */ = {isa = PBXBuildFile; fileRef = EEF0194415CB453400FFD480 /* MPOAuthAuthenticationMethodAuthExchange.m */; };
		EEF0197215CB453400FFD480 /* MPOAuthAuthenticationMethodOAuth.h in Headers */ = {isa = PBXBuildFile; fileRef = EEF0194515CB453400FFD480 /* MPOAuthAuthenticationMethodOAuth.h */; };
		EEF0197315CB453400FFD480 /* MPOAuthAuthenticationMethodOAuth.m in Sources */ = {isa = PBXBuildFile; fileRef = EEF0194615CB453400FFD480 /* MPOAuthAuthenticationMethodOAuth.m */; };
		EEF0197415CB453400FFD480 /* MPOAuthAuthenticationMethodTwoLegged.h in Headers */ = {isa = PBXBuildFile; fileRef = EEF0194715CB453400FFD480 /* MPOAuthAuthenticationMethodTwoLegged.h */; };
		EEF0197515CB453400FFD480 /* MPOAuthAuthenticationMethodTwoLegged.m in Sources */ = {isa = PBXBuildFile; fileRef = EEF0194815CB453400FFD480 /* MPOAuthAuthenticationMethodTwoLegged.m */; };
		EEF0197615CB453400FFD480 /* MPOAuthAuthenticationMethodXAuth.h in Headers */ = {isa = PBXBuildFile; fileRef = EEF0194915CB453400FFD480 /* MPOAuthAuthenticationMethodXAuth.h */; };
		EEF0197715CB453400FFD480 /* MPOAuthAuthenticationMethodXAuth.m in Sources */ = {isa = PBXBuildFile; fileRef = EEF0194A15CB453400FFD480 /* MPOAuthAuthenticationMethodXAuth.m */; };
		EEF0197815CB453400FFD480 /* MPOAuthConnection.h in Headers */ = {isa = PBXBuildFile; fileRef = EEF0194B15CB453400FFD480 /* MPOAuthConnection.h */; };
		EEF0197915CB453400FFD480 /* MPOAuthConnection.m in Sources */ = {isa = PBXBuildFile; fileRef = EEF0194C15CB453400FFD480 /* MPOAuthConnection.m */; };
		EEF0197A15CB453400FFD480 /* MPOAuthCredentiaIConcreteStore+KeychainAdditionsMac.m in Sources */ = {isa = PBXBuildFile; fileRef = EEF0194D15CB453400FFD480 /* MPOAuthCredentiaIConcreteStore+KeychainAdditionsMac.m */; };
		EEF0197B15CB453400FFD480 /* MPOAuthCredentialConcreteStore+KeychainAdditions.h in Headers */ = {isa = PBXBuildFile; fileRef = EEF0194E15CB453400FFD480 /* MPOAuthCredentialConcreteStore+KeychainAdditions.h */; };
		EEF0197C15CB453400FFD480 /* MPOAuthCredentialConcreteStore+KeychainAdditionsiPhone.m in Sources */ = {isa = PBXBuildFile; fileRef = EEF0194F15CB453400FFD480 /* MPOAuthCredentialConcreteStore+KeychainAdditionsiPhone.m */; };
		EEF0197D15CB453400FFD480 /* MPOAuthCredentialConcreteStore.h in Headers */ = {isa = PBXBuildFile; fileRef = EEF0195015CB453400FFD480 /* MPOAuthCredentialConcreteStore.h */; };
		EEF0197E15CB453400FFD480 /* MPOAuthCredentialConcreteStore.m in Sources */ = {isa = PBXBuildFile; fileRef = EEF0195115CB453400FFD480 /* MPOAuthCredentialConcreteStore.m */; };
		EEF0197F15CB453400FFD480 /* MPOAuthCredentialStore.h in Headers */ = {isa = PBXBuildFile; fileRef = EEF0195215CB453400FFD480 /* MPOAuthCredentialStore.h */; settings = {ATTRIBUTES = (Public, ); }; };
		EEF0198015CB453400FFD480 /* MPOAuthParameterFactory.h in Headers */ = {isa = PBXBuildFile; fileRef = EEF0195315CB453400FFD480 /* MPOAuthParameterFactory.h */; settings = {ATTRIBUTES = (Public, ); }; };
		EEF0198115CB453400FFD480 /* MPOAuthSignatureParameter.h in Headers */ = {isa = PBXBuildFile; fileRef = EEF0195415CB453400FFD480 /* MPOAuthSignatureParameter.h */; };
		EEF0198215CB453400FFD480 /* MPOAuthSignatureParameter.m in Sources */ = {isa = PBXBuildFile; fileRef = EEF0195515CB453400FFD480 /* MPOAuthSignatureParameter.m */; };
		EEF0198315CB453400FFD480 /* MPOAuthURLRequest.h in Headers */ = {isa = PBXBuildFile; fileRef = EEF0195615CB453400FFD480 /* MPOAuthURLRequest.h */; };
		EEF0198415CB453400FFD480 /* MPOAuthURLRequest.m in Sources */ = {isa = PBXBuildFile; fileRef = EEF0195715CB453400FFD480 /* MPOAuthURLRequest.m */; };
		EEF0198515CB453400FFD480 /* MPOAuthURLResponse.h in Headers */ = {isa = PBXBuildFile; fileRef = EEF0195815CB453400FFD480 /* MPOAuthURLResponse.h */; };
		EEF0198615CB453400FFD480 /* MPOAuthURLResponse.m in Sources */ = {isa = PBXBuildFile; fileRef = EEF0195915CB453400FFD480 /* MPOAuthURLResponse.m */; };
		EEF0198715CB453400FFD480 /* MPURLRequestParameter.h in Headers */ = {isa = PBXBuildFile; fileRef = EEF0195A15CB453400FFD480 /* MPURLRequestParameter.h */; };
		EEF0198815CB453400FFD480 /* MPURLRequestParameter.m in Sources */ = {isa = PBXBuildFile; fileRef = EEF0195B15CB453400FFD480 /* MPURLRequestParameter.m */; };
		EEF0198915CB453400FFD480 /* MPWSLRDDiscoverer.h in Headers */ = {isa = PBXBuildFile; fileRef = EEF0195C15CB453400FFD480 /* MPWSLRDDiscoverer.h */; };
		EEF0198A15CB453400FFD480 /* MPWSLRDDiscoverer.m in Sources */ = {isa = PBXBuildFile; fileRef = EEF0195D15CB453400FFD480 /* MPWSLRDDiscoverer.m */; };
		EEF0198B15CB453400FFD480 /* MPWSXRDDocument.h in Headers */ = {isa = PBXBuildFile; fileRef = EEF0195E15CB453400FFD480 /* MPWSXRDDocument.h */; };
		EEF0198C15CB453400FFD480 /* MPWSXRDDocument.m in Sources */ = {isa = PBXBuildFile; fileRef = EEF0195F15CB453400FFD480 /* MPWSXRDDocument.m */; };
		EEF0198D15CB453400FFD480 /* NSString+URLEscapingAdditions.h in Headers */ = {isa = PBXBuildFile; fileRef = EEF0196015CB453400FFD480 /* NSString+URLEscapingAdditions.h */; };
		EEF0198E15CB453400FFD480 /* NSString+URLEscapingAdditions.m in Sources */ = {isa = PBXBuildFile; fileRef = EEF0196115CB453400FFD480 /* NSString+URLEscapingAdditions.m */; };
		EEF0198F15CB453400FFD480 /* NSURL+MPURLParameterAdditions.h in Headers */ = {isa = PBXBuildFile; fileRef = EEF0196215CB453400FFD480 /* NSURL+MPURLParameterAdditions.h */; };
		EEF0199015CB453400FFD480 /* NSURL+MPURLParameterAdditions.m in Sources */ = {isa = PBXBuildFile; fileRef = EEF0196315CB453400FFD480 /* NSURL+MPURLParameterAdditions.m */; };
		EEF0199115CB453400FFD480 /* NSURLResponse+Encoding.h in Headers */ = {isa = PBXBuildFile; fileRef = EEF0196415CB453400FFD480 /* NSURLResponse+Encoding.h */; };
		EEF0199215CB453400FFD480 /* NSURLResponse+Encoding.m in Sources */ = {isa = PBXBuildFile; fileRef = EEF0196515CB453400FFD480 /* NSURLResponse+Encoding.m */; };
		EEF0199915CB489A00FFD480 /* INServerCall.h in Headers */ = {isa = PBXBuildFile; fileRef = EEF0199315CB489A00FFD480 /* INServerCall.h */; settings = {ATTRIBUTES = (Public, ); }; };
		EEF0199A15CB489A00FFD480 /* INServerCall.m in Sources */ = {isa = PBXBuildFile; fileRef = EEF0199415CB489A00FFD480 /* INServerCall.m */; };
		EEF0199B15CB489A00FFD480 /* INURLFetcher.h in Headers */ = {isa = PBXBuildFile; fileRef = EEF0199515CB489A00FFD480 /* INURLFetcher.h */; settings = {ATTRIBUTES = (Public, ); }; };
		EEF0199C15CB489A00FFD480 /* INURLFetcher.m in Sources */ = {isa = PBXBuildFile; fileRef = EEF0199615CB489A00FFD480 /* INURLFetcher.m */; };
		EEF0199D15CB489A00FFD480 /* INURLLoader.h in Headers */ = {isa = PBXBuildFile; fileRef = EEF0199715CB489A00FFD480 /* INURLLoader.h */; settings = {ATTRIBUTES = (Public, ); }; };
		EEF0199E15CB489A00FFD480 /* INURLLoader.m in Sources */ = {isa = PBXBuildFile; fileRef = EEF0199815CB489A00FFD480 /* INURLLoader.m */; };
/* End PBXBuildFile section */

/* Begin PBXContainerItemProxy section */
		EEC9C5AB15CB2EA900B7C568 /* PBXContainerItemProxy */ = {
			isa = PBXContainerItemProxy;
			containerPortal = EEC9C58A15CB2EA800B7C568 /* Project object */;
			proxyType = 1;
			remoteGlobalIDString = EEC9C59415CB2EA800B7C568;
			remoteInfo = SMARTFramework;
		};
/* End PBXContainerItemProxy section */

/* Begin PBXFileReference section */
		EE249A4115D59F04001A63D7 /* SMDocument.h */ = {isa = PBXFileReference; fileEncoding = 4; lastKnownFileType = sourcecode.c.h; path = SMDocument.h; sourceTree = "<group>"; };
		EE249A4215D59F04001A63D7 /* SMDocument.m */ = {isa = PBXFileReference; fileEncoding = 4; lastKnownFileType = sourcecode.c.objc; path = SMDocument.m; sourceTree = "<group>"; };
		EE249A4615D59F4B001A63D7 /* SMMedication.h */ = {isa = PBXFileReference; fileEncoding = 4; lastKnownFileType = sourcecode.c.h; path = SMMedication.h; sourceTree = "<group>"; };
		EE249A4715D59F4B001A63D7 /* SMMedication.m */ = {isa = PBXFileReference; fileEncoding = 4; lastKnownFileType = sourcecode.c.objc; path = SMMedication.m; sourceTree = "<group>"; };
		EE249A5815D5A19D001A63D7 /* ErrorCodes.md */ = {isa = PBXFileReference; lastKnownFileType = text; path = ErrorCodes.md; sourceTree = "<group>"; };
		EE249AB215D5CBB1001A63D7 /* libraptor2.a */ = {isa = PBXFileReference; lastKnownFileType = archive.ar; name = libraptor2.a; path = "../Redland-ObjC/Redland-source/Universal/libraptor2.a"; sourceTree = "<group>"; };
		EE249AB415D5CBB4001A63D7 /* librasqal.a */ = {isa = PBXFileReference; lastKnownFileType = archive.ar; name = librasqal.a; path = "../Redland-ObjC/Redland-source/Universal/librasqal.a"; sourceTree = "<group>"; };
		EE249AB615D5CBB6001A63D7 /* librdf.a */ = {isa = PBXFileReference; lastKnownFileType = archive.ar; name = librdf.a; path = "../Redland-ObjC/Redland-source/Universal/librdf.a"; sourceTree = "<group>"; };
		EE42D04B15DEB4C900F03EB0 /* SMART.h */ = {isa = PBXFileReference; fileEncoding = 4; lastKnownFileType = sourcecode.c.h; path = SMART.h; sourceTree = "<group>"; };
		EE5144FC15DAF60A00DA9BA2 /* SMDemographics.h */ = {isa = PBXFileReference; fileEncoding = 4; lastKnownFileType = sourcecode.c.h; path = SMDemographics.h; sourceTree = "<group>"; };
		EE5144FD15DAF60A00DA9BA2 /* SMDemographics.m */ = {isa = PBXFileReference; fileEncoding = 4; lastKnownFileType = sourcecode.c.objc; path = SMDemographics.m; sourceTree = "<group>"; };
		EE68EB5A15DC54CC006B149E /* SMObject.h */ = {isa = PBXFileReference; fileEncoding = 4; lastKnownFileType = sourcecode.c.h; path = SMObject.h; sourceTree = "<group>"; };
		EE68EB5B15DC54CC006B149E /* SMObject.m */ = {isa = PBXFileReference; fileEncoding = 4; lastKnownFileType = sourcecode.c.objc; path = SMObject.m; sourceTree = "<group>"; };
		EE68EB5F15DC55E9006B149E /* SMName.h */ = {isa = PBXFileReference; fileEncoding = 4; lastKnownFileType = sourcecode.c.h; path = SMName.h; sourceTree = "<group>"; };
		EE68EB6015DC55E9006B149E /* SMName.m */ = {isa = PBXFileReference; fileEncoding = 4; lastKnownFileType = sourcecode.c.objc; path = SMName.m; sourceTree = "<group>"; };
		EE6A5A7D15CC723500DD0F68 /* libredland-ios.a */ = {isa = PBXFileReference; lastKnownFileType = archive.ar; name = "libredland-ios.a"; path = "../Redland-ObjC/build/Development-iphoneos/libredland-ios.a"; sourceTree = "<group>"; };
		EE6A5A8015CC72D500DD0F68 /* TestServer.h */ = {isa = PBXFileReference; fileEncoding = 4; lastKnownFileType = sourcecode.c.h; path = TestServer.h; sourceTree = "<group>"; };
		EE6A5A8115CC72D500DD0F68 /* TestServer.m */ = {isa = PBXFileReference; fileEncoding = 4; lastKnownFileType = sourcecode.c.objc; path = TestServer.m; sourceTree = "<group>"; };
		EE6A5A8315CC731200DD0F68 /* TestServerCalls.h */ = {isa = PBXFileReference; fileEncoding = 4; lastKnownFileType = sourcecode.c.h; path = TestServerCalls.h; sourceTree = "<group>"; };
		EE6A5A8415CC731200DD0F68 /* TestServerCalls.m */ = {isa = PBXFileReference; fileEncoding = 4; lastKnownFileType = sourcecode.c.objc; path = TestServerCalls.m; sourceTree = "<group>"; };
		EE6A5A8E15CC736E00DD0F68 /* SMMockServer.h */ = {isa = PBXFileReference; fileEncoding = 4; lastKnownFileType = sourcecode.c.h; path = SMMockServer.h; sourceTree = "<group>"; };
		EE6A5A8F15CC736E00DD0F68 /* SMMockServer.m */ = {isa = PBXFileReference; fileEncoding = 4; lastKnownFileType = sourcecode.c.objc; path = SMMockServer.m; sourceTree = "<group>"; };
		EE6A5A9415CC753800DD0F68 /* SMRecord.h */ = {isa = PBXFileReference; fileEncoding = 4; lastKnownFileType = sourcecode.c.h; path = SMRecord.h; sourceTree = "<group>"; };
		EE6A5A9515CC753800DD0F68 /* SMRecord.m */ = {isa = PBXFileReference; fileEncoding = 4; lastKnownFileType = sourcecode.c.objc; path = SMRecord.m; sourceTree = "<group>"; };
		EE832F7C15D004A500E7FFF1 /* libxml2.dylib */ = {isa = PBXFileReference; lastKnownFileType = "compiled.mach-o.dylib"; name = libxml2.dylib; path = usr/lib/libxml2.dylib; sourceTree = SDKROOT; };
		EE832F7F15D006D100E7FFF1 /* SMLoginViewController.h */ = {isa = PBXFileReference; fileEncoding = 4; lastKnownFileType = sourcecode.c.h; path = SMLoginViewController.h; sourceTree = "<group>"; };
		EE832F8015D006D100E7FFF1 /* SMLoginViewController.m */ = {isa = PBXFileReference; fileEncoding = 4; lastKnownFileType = sourcecode.c.objc; path = SMLoginViewController.m; sourceTree = "<group>"; };
		EEC146F815DED1D0006B8798 /* AppledocSettings.plist */ = {isa = PBXFileReference; lastKnownFileType = text.plist.xml; name = AppledocSettings.plist; path = ../AppledocSettings.plist; sourceTree = "<group>"; };
		EEC1470015DEE01A006B8798 /* ClassTemplate.h */ = {isa = PBXFileReference; lastKnownFileType = sourcecode.c.h; path = ClassTemplate.h; sourceTree = "<group>"; };
		EEC1470115DEE01A006B8798 /* ClassTemplate.m */ = {isa = PBXFileReference; lastKnownFileType = sourcecode.c.objc; path = ClassTemplate.m; sourceTree = "<group>"; };
		EEC9C59515CB2EA800B7C568 /* libSMART.a */ = {isa = PBXFileReference; explicitFileType = archive.ar; includeInIndex = 0; path = libSMART.a; sourceTree = BUILT_PRODUCTS_DIR; };
		EEC9C59815CB2EA800B7C568 /* Foundation.framework */ = {isa = PBXFileReference; lastKnownFileType = wrapper.framework; name = Foundation.framework; path = System/Library/Frameworks/Foundation.framework; sourceTree = SDKROOT; };
		EEC9C59C15CB2EA800B7C568 /* SMARTFramework-Prefix.pch */ = {isa = PBXFileReference; lastKnownFileType = sourcecode.c.h; path = "SMARTFramework-Prefix.pch"; sourceTree = "<group>"; };
		EEC9C5A515CB2EA900B7C568 /* SMARTFrameworkTests.octest */ = {isa = PBXFileReference; explicitFileType = wrapper.cfbundle; includeInIndex = 0; path = SMARTFrameworkTests.octest; sourceTree = BUILT_PRODUCTS_DIR; };
		EEC9C5A615CB2EA900B7C568 /* SenTestingKit.framework */ = {isa = PBXFileReference; lastKnownFileType = wrapper.framework; name = SenTestingKit.framework; path = Library/Frameworks/SenTestingKit.framework; sourceTree = DEVELOPER_DIR; };
		EEC9C5B015CB2EA900B7C568 /* SMARTFrameworkTests-Info.plist */ = {isa = PBXFileReference; lastKnownFileType = text.plist.xml; path = "SMARTFrameworkTests-Info.plist"; sourceTree = "<group>"; };
		EEE82D8315D008500017EA0B /* IndivoActionView.h */ = {isa = PBXFileReference; fileEncoding = 4; lastKnownFileType = sourcecode.c.h; path = IndivoActionView.h; sourceTree = "<group>"; };
		EEE82D8415D008500017EA0B /* IndivoActionView.m */ = {isa = PBXFileReference; fileEncoding = 4; lastKnownFileType = sourcecode.c.objc; path = IndivoActionView.m; sourceTree = "<group>"; };
		EEE82D8C15D00D810017EA0B /* SMARTDocuments.h */ = {isa = PBXFileReference; fileEncoding = 4; lastKnownFileType = sourcecode.c.h; path = SMARTDocuments.h; sourceTree = "<group>"; };
		EEE82D9115D02F4A0017EA0B /* UIKit.framework */ = {isa = PBXFileReference; lastKnownFileType = wrapper.framework; name = UIKit.framework; path = System/Library/Frameworks/UIKit.framework; sourceTree = SDKROOT; };
		EEE82D9415D02F970017EA0B /* CoreGraphics.framework */ = {isa = PBXFileReference; lastKnownFileType = wrapper.framework; name = CoreGraphics.framework; path = System/Library/Frameworks/CoreGraphics.framework; sourceTree = SDKROOT; };
		EEF0192915CB447100FFD480 /* Config.h */ = {isa = PBXFileReference; fileEncoding = 4; lastKnownFileType = sourcecode.c.h; path = Config.h; sourceTree = "<group>"; };
		EEF0192B15CB447900FFD480 /* Config-default.h */ = {isa = PBXFileReference; fileEncoding = 4; lastKnownFileType = sourcecode.c.h; path = "Config-default.h"; sourceTree = "<group>"; };
		EEF0192E15CB448700FFD480 /* SMServer.h */ = {isa = PBXFileReference; fileEncoding = 4; lastKnownFileType = sourcecode.c.h; path = SMServer.h; sourceTree = "<group>"; };
		EEF0192F15CB448700FFD480 /* SMServer.m */ = {isa = PBXFileReference; fileEncoding = 4; lastKnownFileType = sourcecode.c.objc; path = SMServer.m; sourceTree = "<group>"; };
		EEF0193915CB453400FFD480 /* Base64Transcoder.c */ = {isa = PBXFileReference; fileEncoding = 4; lastKnownFileType = sourcecode.c.c; path = Base64Transcoder.c; sourceTree = "<group>"; };
		EEF0193A15CB453400FFD480 /* Base64Transcoder.h */ = {isa = PBXFileReference; fileEncoding = 4; lastKnownFileType = sourcecode.c.h; path = Base64Transcoder.h; sourceTree = "<group>"; };
		EEF0193B15CB453400FFD480 /* MPDebug.h */ = {isa = PBXFileReference; fileEncoding = 4; lastKnownFileType = sourcecode.c.h; path = MPDebug.h; sourceTree = "<group>"; };
		EEF0193C15CB453400FFD480 /* MPOAuth.h */ = {isa = PBXFileReference; fileEncoding = 4; lastKnownFileType = sourcecode.c.h; path = MPOAuth.h; sourceTree = "<group>"; };
		EEF0193D15CB453400FFD480 /* MPOAuthAPI.h */ = {isa = PBXFileReference; fileEncoding = 4; lastKnownFileType = sourcecode.c.h; path = MPOAuthAPI.h; sourceTree = "<group>"; };
		EEF0193E15CB453400FFD480 /* MPOAuthAPI.m */ = {isa = PBXFileReference; fileEncoding = 4; lastKnownFileType = sourcecode.c.objc; path = MPOAuthAPI.m; sourceTree = "<group>"; };
		EEF0193F15CB453400FFD480 /* MPOAuthAPIRequestLoader.h */ = {isa = PBXFileReference; fileEncoding = 4; lastKnownFileType = sourcecode.c.h; path = MPOAuthAPIRequestLoader.h; sourceTree = "<group>"; };
		EEF0194015CB453400FFD480 /* MPOAuthAPIRequestLoader.m */ = {isa = PBXFileReference; fileEncoding = 4; lastKnownFileType = sourcecode.c.objc; path = MPOAuthAPIRequestLoader.m; sourceTree = "<group>"; };
		EEF0194115CB453400FFD480 /* MPOAuthAuthenticationMethod.h */ = {isa = PBXFileReference; fileEncoding = 4; lastKnownFileType = sourcecode.c.h; path = MPOAuthAuthenticationMethod.h; sourceTree = "<group>"; };
		EEF0194215CB453400FFD480 /* MPOAuthAuthenticationMethod.m */ = {isa = PBXFileReference; fileEncoding = 4; lastKnownFileType = sourcecode.c.objc; path = MPOAuthAuthenticationMethod.m; sourceTree = "<group>"; };
		EEF0194315CB453400FFD480 /* MPOAuthAuthenticationMethodAuthExchange.h */ = {isa = PBXFileReference; fileEncoding = 4; lastKnownFileType = sourcecode.c.h; path = MPOAuthAuthenticationMethodAuthExchange.h; sourceTree = "<group>"; };
		EEF0194415CB453400FFD480 /* MPOAuthAuthenticationMethodAuthExchange.m */ = {isa = PBXFileReference; fileEncoding = 4; lastKnownFileType = sourcecode.c.objc; path = MPOAuthAuthenticationMethodAuthExchange.m; sourceTree = "<group>"; };
		EEF0194515CB453400FFD480 /* MPOAuthAuthenticationMethodOAuth.h */ = {isa = PBXFileReference; fileEncoding = 4; lastKnownFileType = sourcecode.c.h; path = MPOAuthAuthenticationMethodOAuth.h; sourceTree = "<group>"; };
		EEF0194615CB453400FFD480 /* MPOAuthAuthenticationMethodOAuth.m */ = {isa = PBXFileReference; fileEncoding = 4; lastKnownFileType = sourcecode.c.objc; path = MPOAuthAuthenticationMethodOAuth.m; sourceTree = "<group>"; };
		EEF0194715CB453400FFD480 /* MPOAuthAuthenticationMethodTwoLegged.h */ = {isa = PBXFileReference; fileEncoding = 4; lastKnownFileType = sourcecode.c.h; path = MPOAuthAuthenticationMethodTwoLegged.h; sourceTree = "<group>"; };
		EEF0194815CB453400FFD480 /* MPOAuthAuthenticationMethodTwoLegged.m */ = {isa = PBXFileReference; fileEncoding = 4; lastKnownFileType = sourcecode.c.objc; path = MPOAuthAuthenticationMethodTwoLegged.m; sourceTree = "<group>"; };
		EEF0194915CB453400FFD480 /* MPOAuthAuthenticationMethodXAuth.h */ = {isa = PBXFileReference; fileEncoding = 4; lastKnownFileType = sourcecode.c.h; path = MPOAuthAuthenticationMethodXAuth.h; sourceTree = "<group>"; };
		EEF0194A15CB453400FFD480 /* MPOAuthAuthenticationMethodXAuth.m */ = {isa = PBXFileReference; fileEncoding = 4; lastKnownFileType = sourcecode.c.objc; path = MPOAuthAuthenticationMethodXAuth.m; sourceTree = "<group>"; };
		EEF0194B15CB453400FFD480 /* MPOAuthConnection.h */ = {isa = PBXFileReference; fileEncoding = 4; lastKnownFileType = sourcecode.c.h; path = MPOAuthConnection.h; sourceTree = "<group>"; };
		EEF0194C15CB453400FFD480 /* MPOAuthConnection.m */ = {isa = PBXFileReference; fileEncoding = 4; lastKnownFileType = sourcecode.c.objc; path = MPOAuthConnection.m; sourceTree = "<group>"; };
		EEF0194D15CB453400FFD480 /* MPOAuthCredentiaIConcreteStore+KeychainAdditionsMac.m */ = {isa = PBXFileReference; fileEncoding = 4; lastKnownFileType = sourcecode.c.objc; path = "MPOAuthCredentiaIConcreteStore+KeychainAdditionsMac.m"; sourceTree = "<group>"; };
		EEF0194E15CB453400FFD480 /* MPOAuthCredentialConcreteStore+KeychainAdditions.h */ = {isa = PBXFileReference; fileEncoding = 4; lastKnownFileType = sourcecode.c.h; path = "MPOAuthCredentialConcreteStore+KeychainAdditions.h"; sourceTree = "<group>"; };
		EEF0194F15CB453400FFD480 /* MPOAuthCredentialConcreteStore+KeychainAdditionsiPhone.m */ = {isa = PBXFileReference; fileEncoding = 4; lastKnownFileType = sourcecode.c.objc; path = "MPOAuthCredentialConcreteStore+KeychainAdditionsiPhone.m"; sourceTree = "<group>"; };
		EEF0195015CB453400FFD480 /* MPOAuthCredentialConcreteStore.h */ = {isa = PBXFileReference; fileEncoding = 4; lastKnownFileType = sourcecode.c.h; path = MPOAuthCredentialConcreteStore.h; sourceTree = "<group>"; };
		EEF0195115CB453400FFD480 /* MPOAuthCredentialConcreteStore.m */ = {isa = PBXFileReference; fileEncoding = 4; lastKnownFileType = sourcecode.c.objc; path = MPOAuthCredentialConcreteStore.m; sourceTree = "<group>"; };
		EEF0195215CB453400FFD480 /* MPOAuthCredentialStore.h */ = {isa = PBXFileReference; fileEncoding = 4; lastKnownFileType = sourcecode.c.h; path = MPOAuthCredentialStore.h; sourceTree = "<group>"; };
		EEF0195315CB453400FFD480 /* MPOAuthParameterFactory.h */ = {isa = PBXFileReference; fileEncoding = 4; lastKnownFileType = sourcecode.c.h; path = MPOAuthParameterFactory.h; sourceTree = "<group>"; };
		EEF0195415CB453400FFD480 /* MPOAuthSignatureParameter.h */ = {isa = PBXFileReference; fileEncoding = 4; lastKnownFileType = sourcecode.c.h; path = MPOAuthSignatureParameter.h; sourceTree = "<group>"; };
		EEF0195515CB453400FFD480 /* MPOAuthSignatureParameter.m */ = {isa = PBXFileReference; fileEncoding = 4; lastKnownFileType = sourcecode.c.objc; path = MPOAuthSignatureParameter.m; sourceTree = "<group>"; };
		EEF0195615CB453400FFD480 /* MPOAuthURLRequest.h */ = {isa = PBXFileReference; fileEncoding = 4; lastKnownFileType = sourcecode.c.h; path = MPOAuthURLRequest.h; sourceTree = "<group>"; };
		EEF0195715CB453400FFD480 /* MPOAuthURLRequest.m */ = {isa = PBXFileReference; fileEncoding = 4; lastKnownFileType = sourcecode.c.objc; path = MPOAuthURLRequest.m; sourceTree = "<group>"; };
		EEF0195815CB453400FFD480 /* MPOAuthURLResponse.h */ = {isa = PBXFileReference; fileEncoding = 4; lastKnownFileType = sourcecode.c.h; path = MPOAuthURLResponse.h; sourceTree = "<group>"; };
		EEF0195915CB453400FFD480 /* MPOAuthURLResponse.m */ = {isa = PBXFileReference; fileEncoding = 4; lastKnownFileType = sourcecode.c.objc; path = MPOAuthURLResponse.m; sourceTree = "<group>"; };
		EEF0195A15CB453400FFD480 /* MPURLRequestParameter.h */ = {isa = PBXFileReference; fileEncoding = 4; lastKnownFileType = sourcecode.c.h; path = MPURLRequestParameter.h; sourceTree = "<group>"; };
		EEF0195B15CB453400FFD480 /* MPURLRequestParameter.m */ = {isa = PBXFileReference; fileEncoding = 4; lastKnownFileType = sourcecode.c.objc; path = MPURLRequestParameter.m; sourceTree = "<group>"; };
		EEF0195C15CB453400FFD480 /* MPWSLRDDiscoverer.h */ = {isa = PBXFileReference; fileEncoding = 4; lastKnownFileType = sourcecode.c.h; path = MPWSLRDDiscoverer.h; sourceTree = "<group>"; };
		EEF0195D15CB453400FFD480 /* MPWSLRDDiscoverer.m */ = {isa = PBXFileReference; fileEncoding = 4; lastKnownFileType = sourcecode.c.objc; path = MPWSLRDDiscoverer.m; sourceTree = "<group>"; };
		EEF0195E15CB453400FFD480 /* MPWSXRDDocument.h */ = {isa = PBXFileReference; fileEncoding = 4; lastKnownFileType = sourcecode.c.h; path = MPWSXRDDocument.h; sourceTree = "<group>"; };
		EEF0195F15CB453400FFD480 /* MPWSXRDDocument.m */ = {isa = PBXFileReference; fileEncoding = 4; lastKnownFileType = sourcecode.c.objc; path = MPWSXRDDocument.m; sourceTree = "<group>"; };
		EEF0196015CB453400FFD480 /* NSString+URLEscapingAdditions.h */ = {isa = PBXFileReference; fileEncoding = 4; lastKnownFileType = sourcecode.c.h; path = "NSString+URLEscapingAdditions.h"; sourceTree = "<group>"; };
		EEF0196115CB453400FFD480 /* NSString+URLEscapingAdditions.m */ = {isa = PBXFileReference; fileEncoding = 4; lastKnownFileType = sourcecode.c.objc; path = "NSString+URLEscapingAdditions.m"; sourceTree = "<group>"; };
		EEF0196215CB453400FFD480 /* NSURL+MPURLParameterAdditions.h */ = {isa = PBXFileReference; fileEncoding = 4; lastKnownFileType = sourcecode.c.h; path = "NSURL+MPURLParameterAdditions.h"; sourceTree = "<group>"; };
		EEF0196315CB453400FFD480 /* NSURL+MPURLParameterAdditions.m */ = {isa = PBXFileReference; fileEncoding = 4; lastKnownFileType = sourcecode.c.objc; path = "NSURL+MPURLParameterAdditions.m"; sourceTree = "<group>"; };
		EEF0196415CB453400FFD480 /* NSURLResponse+Encoding.h */ = {isa = PBXFileReference; fileEncoding = 4; lastKnownFileType = sourcecode.c.h; path = "NSURLResponse+Encoding.h"; sourceTree = "<group>"; };
		EEF0196515CB453400FFD480 /* NSURLResponse+Encoding.m */ = {isa = PBXFileReference; fileEncoding = 4; lastKnownFileType = sourcecode.c.objc; path = "NSURLResponse+Encoding.m"; sourceTree = "<group>"; };
		EEF0199315CB489A00FFD480 /* INServerCall.h */ = {isa = PBXFileReference; fileEncoding = 4; lastKnownFileType = sourcecode.c.h; path = INServerCall.h; sourceTree = "<group>"; };
		EEF0199415CB489A00FFD480 /* INServerCall.m */ = {isa = PBXFileReference; fileEncoding = 4; lastKnownFileType = sourcecode.c.objc; path = INServerCall.m; sourceTree = "<group>"; };
		EEF0199515CB489A00FFD480 /* INURLFetcher.h */ = {isa = PBXFileReference; fileEncoding = 4; lastKnownFileType = sourcecode.c.h; path = INURLFetcher.h; sourceTree = "<group>"; };
		EEF0199615CB489A00FFD480 /* INURLFetcher.m */ = {isa = PBXFileReference; fileEncoding = 4; lastKnownFileType = sourcecode.c.objc; path = INURLFetcher.m; sourceTree = "<group>"; };
		EEF0199715CB489A00FFD480 /* INURLLoader.h */ = {isa = PBXFileReference; fileEncoding = 4; lastKnownFileType = sourcecode.c.h; path = INURLLoader.h; sourceTree = "<group>"; };
		EEF0199815CB489A00FFD480 /* INURLLoader.m */ = {isa = PBXFileReference; fileEncoding = 4; lastKnownFileType = sourcecode.c.objc; path = INURLLoader.m; sourceTree = "<group>"; };
/* End PBXFileReference section */

/* Begin PBXFrameworksBuildPhase section */
		EEC9C59115CB2EA800B7C568 /* Frameworks */ = {
			isa = PBXFrameworksBuildPhase;
			buildActionMask = 2147483647;
			files = (
				EEC9C59915CB2EA800B7C568 /* Foundation.framework in Frameworks */,
				EE832F7D15D004A500E7FFF1 /* libxml2.dylib in Frameworks */,
				EE249AB315D5CBB1001A63D7 /* libraptor2.a in Frameworks */,
				EE249AB515D5CBB4001A63D7 /* librasqal.a in Frameworks */,
				EE249AB715D5CBB6001A63D7 /* librdf.a in Frameworks */,
				EE6A5A7E15CC723500DD0F68 /* libredland-ios.a in Frameworks */,
			);
			runOnlyForDeploymentPostprocessing = 0;
		};
		EEC9C5A115CB2EA900B7C568 /* Frameworks */ = {
			isa = PBXFrameworksBuildPhase;
			buildActionMask = 2147483647;
			files = (
				EEC9C5AA15CB2EA900B7C568 /* Foundation.framework in Frameworks */,
				EEE82D9615D02FD80017EA0B /* CoreGraphics.framework in Frameworks */,
				EEE82D9215D02F4A0017EA0B /* UIKit.framework in Frameworks */,
				EEC9C5A715CB2EA900B7C568 /* SenTestingKit.framework in Frameworks */,
				EEE82D9015D01E780017EA0B /* libredland-ios.a in Frameworks */,
				EEC9C5AD15CB2EA900B7C568 /* libSMART.a in Frameworks */,
			);
			runOnlyForDeploymentPostprocessing = 0;
		};
/* End PBXFrameworksBuildPhase section */

/* Begin PBXGroup section */
		EEC9C58815CB2EA800B7C568 = {
			isa = PBXGroup;
			children = (
				EEC1470015DEE01A006B8798 /* ClassTemplate.h */,
				EEC1470115DEE01A006B8798 /* ClassTemplate.m */,
				EE249A5815D5A19D001A63D7 /* ErrorCodes.md */,
				EEF0192915CB447100FFD480 /* Config.h */,
				EEF0192B15CB447900FFD480 /* Config-default.h */,
				EE42D04B15DEB4C900F03EB0 /* SMART.h */,
				EEC9C59A15CB2EA800B7C568 /* Classes */,
				EEF0193715CB453400FFD480 /* MPOAuth Framework */,
				EEC9C59B15CB2EA800B7C568 /* Supporting Files */,
				EEC9C5AE15CB2EA900B7C568 /* SMARTFrameworkTests */,
				EEC9C59715CB2EA800B7C568 /* Frameworks */,
				EEC9C59615CB2EA800B7C568 /* Products */,
			);
			sourceTree = "<group>";
		};
		EEC9C59615CB2EA800B7C568 /* Products */ = {
			isa = PBXGroup;
			children = (
				EEC9C59515CB2EA800B7C568 /* libSMART.a */,
				EEC9C5A515CB2EA900B7C568 /* SMARTFrameworkTests.octest */,
			);
			name = Products;
			sourceTree = "<group>";
		};
		EEC9C59715CB2EA800B7C568 /* Frameworks */ = {
			isa = PBXGroup;
			children = (
				EEC9C59815CB2EA800B7C568 /* Foundation.framework */,
				EEE82D9415D02F970017EA0B /* CoreGraphics.framework */,
				EEE82D9115D02F4A0017EA0B /* UIKit.framework */,
				EEC9C5A615CB2EA900B7C568 /* SenTestingKit.framework */,
				EE832F7C15D004A500E7FFF1 /* libxml2.dylib */,
				EE249AB615D5CBB6001A63D7 /* librdf.a */,
				EE249AB415D5CBB4001A63D7 /* librasqal.a */,
				EE249AB215D5CBB1001A63D7 /* libraptor2.a */,
				EE6A5A7D15CC723500DD0F68 /* libredland-ios.a */,
			);
			name = Frameworks;
			sourceTree = "<group>";
		};
		EEC9C59A15CB2EA800B7C568 /* Classes */ = {
			isa = PBXGroup;
			children = (
				EEF0192E15CB448700FFD480 /* SMServer.h */,
				EEF0192F15CB448700FFD480 /* SMServer.m */,
				EE6A5A9415CC753800DD0F68 /* SMRecord.h */,
				EE6A5A9515CC753800DD0F68 /* SMRecord.m */,
				EEE82D8C15D00D810017EA0B /* SMARTDocuments.h */,
				EE68EB5A15DC54CC006B149E /* SMObject.h */,
				EE68EB5B15DC54CC006B149E /* SMObject.m */,
				EE249A4115D59F04001A63D7 /* SMDocument.h */,
				EE249A4215D59F04001A63D7 /* SMDocument.m */,
				EE249A4615D59F4B001A63D7 /* SMMedication.h */,
				EE249A4715D59F4B001A63D7 /* SMMedication.m */,
				EE5144FC15DAF60A00DA9BA2 /* SMDemographics.h */,
				EE5144FD15DAF60A00DA9BA2 /* SMDemographics.m */,
				EE68EB5F15DC55E9006B149E /* SMName.h */,
				EE68EB6015DC55E9006B149E /* SMName.m */,
				EEE82D8215D008330017EA0B /* View Controller */,
				EEF0199F15CB489E00FFD480 /* Server Calls */,
			);
			path = Classes;
			sourceTree = "<group>";
		};
		EEC9C59B15CB2EA800B7C568 /* Supporting Files */ = {
			isa = PBXGroup;
			children = (
				EEC146F815DED1D0006B8798 /* AppledocSettings.plist */,
				EEC9C59C15CB2EA800B7C568 /* SMARTFramework-Prefix.pch */,
			);
			name = "Supporting Files";
			path = Classes;
			sourceTree = "<group>";
		};
		EEC9C5AE15CB2EA900B7C568 /* SMARTFrameworkTests */ = {
			isa = PBXGroup;
			children = (
				EE6A5A8E15CC736E00DD0F68 /* SMMockServer.h */,
				EE6A5A8F15CC736E00DD0F68 /* SMMockServer.m */,
				EE6A5A8015CC72D500DD0F68 /* TestServer.h */,
				EE6A5A8115CC72D500DD0F68 /* TestServer.m */,
				EE6A5A8315CC731200DD0F68 /* TestServerCalls.h */,
				EE6A5A8415CC731200DD0F68 /* TestServerCalls.m */,
				EEC9C5AF15CB2EA900B7C568 /* Supporting Files */,
			);
			path = SMARTFrameworkTests;
			sourceTree = "<group>";
		};
		EEC9C5AF15CB2EA900B7C568 /* Supporting Files */ = {
			isa = PBXGroup;
			children = (
				EEC9C5B015CB2EA900B7C568 /* SMARTFrameworkTests-Info.plist */,
			);
			name = "Supporting Files";
			sourceTree = "<group>";
		};
		EEE82D8215D008330017EA0B /* View Controller */ = {
			isa = PBXGroup;
			children = (
				EE832F7F15D006D100E7FFF1 /* SMLoginViewController.h */,
				EE832F8015D006D100E7FFF1 /* SMLoginViewController.m */,
				EEE82D8315D008500017EA0B /* IndivoActionView.h */,
				EEE82D8415D008500017EA0B /* IndivoActionView.m */,
			);
			name = "View Controller";
			sourceTree = "<group>";
		};
		EEF0193715CB453400FFD480 /* MPOAuth Framework */ = {
			isa = PBXGroup;
			children = (
				EEF0193B15CB453400FFD480 /* MPDebug.h */,
				EEF0193C15CB453400FFD480 /* MPOAuth.h */,
				EEF0193D15CB453400FFD480 /* MPOAuthAPI.h */,
				EEF0193E15CB453400FFD480 /* MPOAuthAPI.m */,
				EEF0193F15CB453400FFD480 /* MPOAuthAPIRequestLoader.h */,
				EEF0194015CB453400FFD480 /* MPOAuthAPIRequestLoader.m */,
				EEF0194115CB453400FFD480 /* MPOAuthAuthenticationMethod.h */,
				EEF0194215CB453400FFD480 /* MPOAuthAuthenticationMethod.m */,
				EEF0194315CB453400FFD480 /* MPOAuthAuthenticationMethodAuthExchange.h */,
				EEF0194415CB453400FFD480 /* MPOAuthAuthenticationMethodAuthExchange.m */,
				EEF0194515CB453400FFD480 /* MPOAuthAuthenticationMethodOAuth.h */,
				EEF0194615CB453400FFD480 /* MPOAuthAuthenticationMethodOAuth.m */,
				EEF0194715CB453400FFD480 /* MPOAuthAuthenticationMethodTwoLegged.h */,
				EEF0194815CB453400FFD480 /* MPOAuthAuthenticationMethodTwoLegged.m */,
				EEF0194915CB453400FFD480 /* MPOAuthAuthenticationMethodXAuth.h */,
				EEF0194A15CB453400FFD480 /* MPOAuthAuthenticationMethodXAuth.m */,
				EEF0194B15CB453400FFD480 /* MPOAuthConnection.h */,
				EEF0194C15CB453400FFD480 /* MPOAuthConnection.m */,
				EEF0194D15CB453400FFD480 /* MPOAuthCredentiaIConcreteStore+KeychainAdditionsMac.m */,
				EEF0194E15CB453400FFD480 /* MPOAuthCredentialConcreteStore+KeychainAdditions.h */,
				EEF0194F15CB453400FFD480 /* MPOAuthCredentialConcreteStore+KeychainAdditionsiPhone.m */,
				EEF0195015CB453400FFD480 /* MPOAuthCredentialConcreteStore.h */,
				EEF0195115CB453400FFD480 /* MPOAuthCredentialConcreteStore.m */,
				EEF0195215CB453400FFD480 /* MPOAuthCredentialStore.h */,
				EEF0195315CB453400FFD480 /* MPOAuthParameterFactory.h */,
				EEF0195415CB453400FFD480 /* MPOAuthSignatureParameter.h */,
				EEF0195515CB453400FFD480 /* MPOAuthSignatureParameter.m */,
				EEF0195615CB453400FFD480 /* MPOAuthURLRequest.h */,
				EEF0195715CB453400FFD480 /* MPOAuthURLRequest.m */,
				EEF0195815CB453400FFD480 /* MPOAuthURLResponse.h */,
				EEF0195915CB453400FFD480 /* MPOAuthURLResponse.m */,
				EEF0195A15CB453400FFD480 /* MPURLRequestParameter.h */,
				EEF0195B15CB453400FFD480 /* MPURLRequestParameter.m */,
				EEF0195C15CB453400FFD480 /* MPWSLRDDiscoverer.h */,
				EEF0195D15CB453400FFD480 /* MPWSLRDDiscoverer.m */,
				EEF0195E15CB453400FFD480 /* MPWSXRDDocument.h */,
				EEF0195F15CB453400FFD480 /* MPWSXRDDocument.m */,
				EEF0193815CB453400FFD480 /* Crypto */,
				EEF0196015CB453400FFD480 /* NSString+URLEscapingAdditions.h */,
				EEF0196115CB453400FFD480 /* NSString+URLEscapingAdditions.m */,
				EEF0196215CB453400FFD480 /* NSURL+MPURLParameterAdditions.h */,
				EEF0196315CB453400FFD480 /* NSURL+MPURLParameterAdditions.m */,
				EEF0196415CB453400FFD480 /* NSURLResponse+Encoding.h */,
				EEF0196515CB453400FFD480 /* NSURLResponse+Encoding.m */,
			);
			name = "MPOAuth Framework";
			path = ../MPOAuth/Source/Framework;
			sourceTree = "<group>";
		};
		EEF0193815CB453400FFD480 /* Crypto */ = {
			isa = PBXGroup;
			children = (
				EEF0193915CB453400FFD480 /* Base64Transcoder.c */,
				EEF0193A15CB453400FFD480 /* Base64Transcoder.h */,
			);
			path = Crypto;
			sourceTree = "<group>";
		};
		EEF0199F15CB489E00FFD480 /* Server Calls */ = {
			isa = PBXGroup;
			children = (
				EEF0199315CB489A00FFD480 /* INServerCall.h */,
				EEF0199415CB489A00FFD480 /* INServerCall.m */,
				EEF0199515CB489A00FFD480 /* INURLFetcher.h */,
				EEF0199615CB489A00FFD480 /* INURLFetcher.m */,
				EEF0199715CB489A00FFD480 /* INURLLoader.h */,
				EEF0199815CB489A00FFD480 /* INURLLoader.m */,
			);
			name = "Server Calls";
			sourceTree = "<group>";
		};
/* End PBXGroup section */

/* Begin PBXHeadersBuildPhase section */
		EEC9C59215CB2EA800B7C568 /* Headers */ = {
			isa = PBXHeadersBuildPhase;
			buildActionMask = 2147483647;
			files = (
				EEF0192A15CB447100FFD480 /* Config.h in Headers */,
				EEF0193315CB448700FFD480 /* SMServer.h in Headers */,
				EE6A5A9615CC753800DD0F68 /* SMRecord.h in Headers */,
				EEE82D8D15D00D810017EA0B /* SMARTDocuments.h in Headers */,
				EE249A4315D59F04001A63D7 /* SMDocument.h in Headers */,
				EE249A4815D59F4B001A63D7 /* SMMedication.h in Headers */,
				EEF0196915CB453400FFD480 /* MPOAuth.h in Headers */,
				EEF0196A15CB453400FFD480 /* MPOAuthAPI.h in Headers */,
				EEF0198015CB453400FFD480 /* MPOAuthParameterFactory.h in Headers */,
				EEF0196715CB453400FFD480 /* Base64Transcoder.h in Headers */,
				EEF0196C15CB453400FFD480 /* MPOAuthAPIRequestLoader.h in Headers */,
				EEF0197F15CB453400FFD480 /* MPOAuthCredentialStore.h in Headers */,
				EEF0196815CB453400FFD480 /* MPDebug.h in Headers */,
				EEF0196E15CB453400FFD480 /* MPOAuthAuthenticationMethod.h in Headers */,
				EEE82D8515D008510017EA0B /* IndivoActionView.h in Headers */,
				EEF0197015CB453400FFD480 /* MPOAuthAuthenticationMethodAuthExchange.h in Headers */,
				EEF0197215CB453400FFD480 /* MPOAuthAuthenticationMethodOAuth.h in Headers */,
				EEF0197415CB453400FFD480 /* MPOAuthAuthenticationMethodTwoLegged.h in Headers */,
				EEF0197615CB453400FFD480 /* MPOAuthAuthenticationMethodXAuth.h in Headers */,
				EEF0197815CB453400FFD480 /* MPOAuthConnection.h in Headers */,
				EEF0197B15CB453400FFD480 /* MPOAuthCredentialConcreteStore+KeychainAdditions.h in Headers */,
				EEF0197D15CB453400FFD480 /* MPOAuthCredentialConcreteStore.h in Headers */,
				EEF0198115CB453400FFD480 /* MPOAuthSignatureParameter.h in Headers */,
				EEF0198315CB453400FFD480 /* MPOAuthURLRequest.h in Headers */,
				EEF0198515CB453400FFD480 /* MPOAuthURLResponse.h in Headers */,
				EEF0198715CB453400FFD480 /* MPURLRequestParameter.h in Headers */,
				EEF0198915CB453400FFD480 /* MPWSLRDDiscoverer.h in Headers */,
				EEF0198B15CB453400FFD480 /* MPWSXRDDocument.h in Headers */,
				EEF0198D15CB453400FFD480 /* NSString+URLEscapingAdditions.h in Headers */,
				EEF0198F15CB453400FFD480 /* NSURL+MPURLParameterAdditions.h in Headers */,
				EEF0199115CB453400FFD480 /* NSURLResponse+Encoding.h in Headers */,
				EEF0199915CB489A00FFD480 /* INServerCall.h in Headers */,
				EEF0199B15CB489A00FFD480 /* INURLFetcher.h in Headers */,
				EEF0199D15CB489A00FFD480 /* INURLLoader.h in Headers */,
				EE832F8115D006D100E7FFF1 /* SMLoginViewController.h in Headers */,
				EE5144FE15DAF60B00DA9BA2 /* SMDemographics.h in Headers */,
				EE68EB5C15DC54CC006B149E /* SMObject.h in Headers */,
				EE68EB6115DC55E9006B149E /* SMName.h in Headers */,
				EE42D04C15DEB4C900F03EB0 /* SMART.h in Headers */,
			);
			runOnlyForDeploymentPostprocessing = 0;
		};
/* End PBXHeadersBuildPhase section */

/* Begin PBXNativeTarget section */
		EEC9C59415CB2EA800B7C568 /* SMART */ = {
			isa = PBXNativeTarget;
			buildConfigurationList = EEC9C5B915CB2EA900B7C568 /* Build configuration list for PBXNativeTarget "SMART" */;
			buildPhases = (
				EEC9C59015CB2EA800B7C568 /* Sources */,
				EEC9C59115CB2EA800B7C568 /* Frameworks */,
				EEC9C59215CB2EA800B7C568 /* Headers */,
			);
			buildRules = (
			);
			dependencies = (
			);
			name = SMART;
			productName = SMARTFramework;
			productReference = EEC9C59515CB2EA800B7C568 /* libSMART.a */;
			productType = "com.apple.product-type.library.static";
		};
		EEC9C5A415CB2EA900B7C568 /* SMARTFrameworkTests */ = {
			isa = PBXNativeTarget;
			buildConfigurationList = EEC9C5BC15CB2EA900B7C568 /* Build configuration list for PBXNativeTarget "SMARTFrameworkTests" */;
			buildPhases = (
				EEC9C5A015CB2EA900B7C568 /* Sources */,
				EEC9C5A115CB2EA900B7C568 /* Frameworks */,
				EEC9C5A215CB2EA900B7C568 /* Resources */,
				EEC9C5A315CB2EA900B7C568 /* ShellScript */,
			);
			buildRules = (
			);
			dependencies = (
				EEC9C5AC15CB2EA900B7C568 /* PBXTargetDependency */,
			);
			name = SMARTFrameworkTests;
			productName = SMARTFrameworkTests;
			productReference = EEC9C5A515CB2EA900B7C568 /* SMARTFrameworkTests.octest */;
			productType = "com.apple.product-type.bundle";
		};
/* End PBXNativeTarget section */

/* Begin PBXProject section */
		EEC9C58A15CB2EA800B7C568 /* Project object */ = {
			isa = PBXProject;
			attributes = {
				LastUpgradeCheck = 0440;
				ORGANIZATIONNAME = "CHIP, Boston Children's Hospital";
			};
			buildConfigurationList = EEC9C58D15CB2EA800B7C568 /* Build configuration list for PBXProject "SMARTFramework" */;
			compatibilityVersion = "Xcode 3.2";
			developmentRegion = English;
			hasScannedForEncodings = 0;
			knownRegions = (
				en,
			);
			mainGroup = EEC9C58815CB2EA800B7C568;
			productRefGroup = EEC9C59615CB2EA800B7C568 /* Products */;
			projectDirPath = "";
			projectRoot = "";
			targets = (
				EEC9C59415CB2EA800B7C568 /* SMART */,
				EEC9C5A415CB2EA900B7C568 /* SMARTFrameworkTests */,
			);
		};
/* End PBXProject section */

/* Begin PBXResourcesBuildPhase section */
		EEC9C5A215CB2EA900B7C568 /* Resources */ = {
			isa = PBXResourcesBuildPhase;
			buildActionMask = 2147483647;
			files = (
			);
			runOnlyForDeploymentPostprocessing = 0;
		};
/* End PBXResourcesBuildPhase section */

/* Begin PBXShellScriptBuildPhase section */
		EEC9C5A315CB2EA900B7C568 /* ShellScript */ = {
			isa = PBXShellScriptBuildPhase;
			buildActionMask = 2147483647;
			files = (
			);
			inputPaths = (
			);
			outputPaths = (
			);
			runOnlyForDeploymentPostprocessing = 0;
			shellPath = /bin/sh;
			shellScript = "# Run the unit tests in this test bundle.\n\"${SYSTEM_DEVELOPER_DIR}/Tools/RunUnitTests\"\n";
		};
/* End PBXShellScriptBuildPhase section */

/* Begin PBXSourcesBuildPhase section */
		EEC9C59015CB2EA800B7C568 /* Sources */ = {
			isa = PBXSourcesBuildPhase;
			buildActionMask = 2147483647;
			files = (
				EEF0193415CB448700FFD480 /* SMServer.m in Sources */,
				EEF0196615CB453400FFD480 /* Base64Transcoder.c in Sources */,
				EEF0196B15CB453400FFD480 /* MPOAuthAPI.m in Sources */,
				EEF0196D15CB453400FFD480 /* MPOAuthAPIRequestLoader.m in Sources */,
				EEF0196F15CB453400FFD480 /* MPOAuthAuthenticationMethod.m in Sources */,
				EEF0197115CB453400FFD480 /* MPOAuthAuthenticationMethodAuthExchange.m in Sources */,
				EEF0197315CB453400FFD480 /* MPOAuthAuthenticationMethodOAuth.m in Sources */,
				EEF0197515CB453400FFD480 /* MPOAuthAuthenticationMethodTwoLegged.m in Sources */,
				EEF0197715CB453400FFD480 /* MPOAuthAuthenticationMethodXAuth.m in Sources */,
				EEF0197915CB453400FFD480 /* MPOAuthConnection.m in Sources */,
				EEF0197A15CB453400FFD480 /* MPOAuthCredentiaIConcreteStore+KeychainAdditionsMac.m in Sources */,
				EEF0197C15CB453400FFD480 /* MPOAuthCredentialConcreteStore+KeychainAdditionsiPhone.m in Sources */,
				EEF0197E15CB453400FFD480 /* MPOAuthCredentialConcreteStore.m in Sources */,
				EEF0198215CB453400FFD480 /* MPOAuthSignatureParameter.m in Sources */,
				EEF0198415CB453400FFD480 /* MPOAuthURLRequest.m in Sources */,
				EEF0198615CB453400FFD480 /* MPOAuthURLResponse.m in Sources */,
				EEF0198815CB453400FFD480 /* MPURLRequestParameter.m in Sources */,
				EEF0198A15CB453400FFD480 /* MPWSLRDDiscoverer.m in Sources */,
				EEF0198C15CB453400FFD480 /* MPWSXRDDocument.m in Sources */,
				EEF0198E15CB453400FFD480 /* NSString+URLEscapingAdditions.m in Sources */,
				EEF0199015CB453400FFD480 /* NSURL+MPURLParameterAdditions.m in Sources */,
				EEF0199215CB453400FFD480 /* NSURLResponse+Encoding.m in Sources */,
				EEF0199A15CB489A00FFD480 /* INServerCall.m in Sources */,
				EEF0199C15CB489A00FFD480 /* INURLFetcher.m in Sources */,
				EEF0199E15CB489A00FFD480 /* INURLLoader.m in Sources */,
				EE6A5A9715CC753800DD0F68 /* SMRecord.m in Sources */,
				EE832F8315D006EE00E7FFF1 /* SMLoginViewController.m in Sources */,
				EEE82D8615D008510017EA0B /* IndivoActionView.m in Sources */,
				EE249A4415D59F04001A63D7 /* SMDocument.m in Sources */,
				EE249A4915D59F4B001A63D7 /* SMMedication.m in Sources */,
				EE5144FF15DAF60B00DA9BA2 /* SMDemographics.m in Sources */,
				EE68EB5D15DC54CC006B149E /* SMObject.m in Sources */,
				EE68EB6215DC55E9006B149E /* SMName.m in Sources */,
			);
			runOnlyForDeploymentPostprocessing = 0;
		};
		EEC9C5A015CB2EA900B7C568 /* Sources */ = {
			isa = PBXSourcesBuildPhase;
			buildActionMask = 2147483647;
			files = (
				EE6A5A8215CC72D500DD0F68 /* TestServer.m in Sources */,
				EE6A5A8515CC731200DD0F68 /* TestServerCalls.m in Sources */,
				EE6A5A9015CC736E00DD0F68 /* SMMockServer.m in Sources */,
			);
			runOnlyForDeploymentPostprocessing = 0;
		};
/* End PBXSourcesBuildPhase section */

/* Begin PBXTargetDependency section */
		EEC9C5AC15CB2EA900B7C568 /* PBXTargetDependency */ = {
			isa = PBXTargetDependency;
			target = EEC9C59415CB2EA800B7C568 /* SMART */;
			targetProxy = EEC9C5AB15CB2EA900B7C568 /* PBXContainerItemProxy */;
		};
/* End PBXTargetDependency section */

/* Begin XCBuildConfiguration section */
		EE6A5A9115CC74A000DD0F68 /* Debug+Static */ = {
			isa = XCBuildConfiguration;
			buildSettings = {
				ALWAYS_SEARCH_USER_PATHS = NO;
				ARCHS = "$(ARCHS_STANDARD_32_BIT)";
				CLANG_CXX_LANGUAGE_STANDARD = "gnu++0x";
				CLANG_ENABLE_OBJC_ARC = YES;
				CLANG_WARN__DUPLICATE_METHOD_MATCH = YES;
				COPY_PHASE_STRIP = NO;
				GCC_C_LANGUAGE_STANDARD = gnu99;
				GCC_DYNAMIC_NO_PIC = NO;
				GCC_OPTIMIZATION_LEVEL = 0;
				GCC_PREPROCESSOR_DEFINITIONS = (
					"DEBUG=1",
					"$(inherited)",
				);
				GCC_SYMBOLS_PRIVATE_EXTERN = NO;
				GCC_VERSION = com.apple.compilers.llvm.clang.1_0;
				GCC_WARN_ABOUT_RETURN_TYPE = YES;
				GCC_WARN_UNINITIALIZED_AUTOS = YES;
				GCC_WARN_UNUSED_VARIABLE = YES;
				IPHONEOS_DEPLOYMENT_TARGET = 5.1;
				RUN_CLANG_STATIC_ANALYZER = YES;
				SDKROOT = iphoneos;
			};
			name = "Debug+Static";
		};
		EE6A5A9215CC74A000DD0F68 /* Debug+Static */ = {
			isa = XCBuildConfiguration;
			buildSettings = {
				DSTROOT = /tmp/SMARTFramework_ios.dst;
				GCC_PRECOMPILE_PREFIX_HEADER = YES;
				GCC_PREFIX_HEADER = "Classes/SMARTFramework-Prefix.pch";
				HEADER_SEARCH_PATHS = (
					"$(SDK_DIR)/usr/include/libxml2",
					"$(BUILT_PRODUCTS_DIR)/**",
				);
				IPHONEOS_DEPLOYMENT_TARGET = 5.0;
				LIBRARY_SEARCH_PATHS = (
					"\"$(BUILT_PRODUCTS_DIR)\"/**",
					"\"$(SRCROOT)/../Redland-ObjC/Redland-source/Universal\"",
				);
				OTHER_CFLAGS = "-DDEBUG";
				OTHER_LDFLAGS = "-ObjC";
				PRODUCT_NAME = "$(TARGET_NAME)";
				SKIP_INSTALL = YES;
			};
			name = "Debug+Static";
		};
		EE6A5A9315CC74A000DD0F68 /* Debug+Static */ = {
			isa = XCBuildConfiguration;
			buildSettings = {
				FRAMEWORK_SEARCH_PATHS = (
					"\"$(SDKROOT)/Developer/Library/Frameworks\"",
					"\"$(DEVELOPER_LIBRARY_DIR)/Frameworks\"",
				);
				GCC_PRECOMPILE_PREFIX_HEADER = YES;
				GCC_PREFIX_HEADER = "Classes/SMARTFramework-Prefix.pch";
				INFOPLIST_FILE = "SMARTFrameworkTests/SMARTFrameworkTests-Info.plist";
				IPHONEOS_DEPLOYMENT_TARGET = 5.0;
				LIBRARY_SEARCH_PATHS = (
					"$(inherited)",
					"$(BUILT_PRODUCTS_DIR)/**",
				);
				PRODUCT_NAME = "$(TARGET_NAME)";
				WRAPPER_EXTENSION = octest;
			};
			name = "Debug+Static";
		};
		EEC9C5B715CB2EA900B7C568 /* Debug */ = {
			isa = XCBuildConfiguration;
			buildSettings = {
				ALWAYS_SEARCH_USER_PATHS = NO;
				ARCHS = "$(ARCHS_STANDARD_32_BIT)";
				CLANG_CXX_LANGUAGE_STANDARD = "gnu++0x";
				CLANG_ENABLE_OBJC_ARC = YES;
				CLANG_WARN__DUPLICATE_METHOD_MATCH = YES;
				COPY_PHASE_STRIP = NO;
				GCC_C_LANGUAGE_STANDARD = gnu99;
				GCC_DYNAMIC_NO_PIC = NO;
				GCC_OPTIMIZATION_LEVEL = 0;
				GCC_PREPROCESSOR_DEFINITIONS = (
					"DEBUG=1",
					"$(inherited)",
				);
				GCC_SYMBOLS_PRIVATE_EXTERN = NO;
				GCC_VERSION = com.apple.compilers.llvm.clang.1_0;
				GCC_WARN_ABOUT_RETURN_TYPE = YES;
				GCC_WARN_UNINITIALIZED_AUTOS = YES;
				GCC_WARN_UNUSED_VARIABLE = YES;
				IPHONEOS_DEPLOYMENT_TARGET = 5.1;
				SDKROOT = iphoneos;
			};
			name = Debug;
		};
		EEC9C5B815CB2EA900B7C568 /* Release */ = {
			isa = XCBuildConfiguration;
			buildSettings = {
				ALWAYS_SEARCH_USER_PATHS = NO;
				ARCHS = "$(ARCHS_STANDARD_32_BIT)";
				CLANG_CXX_LANGUAGE_STANDARD = "gnu++0x";
				CLANG_ENABLE_OBJC_ARC = YES;
				CLANG_WARN__DUPLICATE_METHOD_MATCH = YES;
				COPY_PHASE_STRIP = YES;
				GCC_C_LANGUAGE_STANDARD = gnu99;
				GCC_VERSION = com.apple.compilers.llvm.clang.1_0;
				GCC_WARN_ABOUT_RETURN_TYPE = YES;
				GCC_WARN_UNINITIALIZED_AUTOS = YES;
				GCC_WARN_UNUSED_VARIABLE = YES;
				IPHONEOS_DEPLOYMENT_TARGET = 5.1;
				SDKROOT = iphoneos;
				VALIDATE_PRODUCT = YES;
			};
			name = Release;
		};
		EEC9C5BA15CB2EA900B7C568 /* Debug */ = {
			isa = XCBuildConfiguration;
			buildSettings = {
				DSTROOT = /tmp/SMARTFramework_ios.dst;
				GCC_PRECOMPILE_PREFIX_HEADER = YES;
				GCC_PREFIX_HEADER = "Classes/SMARTFramework-Prefix.pch";
				HEADER_SEARCH_PATHS = (
					"$(SDK_DIR)/usr/include/libxml2",
					"$(BUILT_PRODUCTS_DIR)/**",
				);
				IPHONEOS_DEPLOYMENT_TARGET = 5.0;
				LIBRARY_SEARCH_PATHS = (
					"\"$(BUILT_PRODUCTS_DIR)\"/**",
					"\"$(SRCROOT)/../Redland-ObjC/Redland-source/Universal\"",
				);
				OTHER_CFLAGS = "-DDEBUG";
				OTHER_LDFLAGS = "-ObjC";
				PRODUCT_NAME = "$(TARGET_NAME)";
				SKIP_INSTALL = YES;
			};
			name = Debug;
		};
		EEC9C5BB15CB2EA900B7C568 /* Release */ = {
			isa = XCBuildConfiguration;
			buildSettings = {
				DSTROOT = /tmp/SMARTFramework_ios.dst;
				GCC_PRECOMPILE_PREFIX_HEADER = YES;
				GCC_PREFIX_HEADER = "Classes/SMARTFramework-Prefix.pch";
				HEADER_SEARCH_PATHS = (
					"$(SDK_DIR)/usr/include/libxml2",
					"$(BUILT_PRODUCTS_DIR)/**",
				);
				IPHONEOS_DEPLOYMENT_TARGET = 5.0;
				LIBRARY_SEARCH_PATHS = (
					"\"$(BUILT_PRODUCTS_DIR)\"/**",
					"\"$(SRCROOT)/../Redland-ObjC/Redland-source/Universal\"",
				);
				OTHER_LDFLAGS = "-ObjC";
				PRODUCT_NAME = "$(TARGET_NAME)";
				SKIP_INSTALL = YES;
			};
			name = Release;
		};
		EEC9C5BD15CB2EA900B7C568 /* Debug */ = {
			isa = XCBuildConfiguration;
			buildSettings = {
				FRAMEWORK_SEARCH_PATHS = (
					"\"$(SDKROOT)/Developer/Library/Frameworks\"",
					"\"$(DEVELOPER_LIBRARY_DIR)/Frameworks\"",
				);
				GCC_PRECOMPILE_PREFIX_HEADER = YES;
				GCC_PREFIX_HEADER = "Classes/SMARTFramework-Prefix.pch";
				INFOPLIST_FILE = "SMARTFrameworkTests/SMARTFrameworkTests-Info.plist";
				IPHONEOS_DEPLOYMENT_TARGET = 5.0;
				LIBRARY_SEARCH_PATHS = (
					"$(inherited)",
					"$(BUILT_PRODUCTS_DIR)/**",
				);
				PRODUCT_NAME = "$(TARGET_NAME)";
				WRAPPER_EXTENSION = octest;
			};
			name = Debug;
		};
		EEC9C5BE15CB2EA900B7C568 /* Release */ = {
			isa = XCBuildConfiguration;
			buildSettings = {
				FRAMEWORK_SEARCH_PATHS = (
					"\"$(SDKROOT)/Developer/Library/Frameworks\"",
					"\"$(DEVELOPER_LIBRARY_DIR)/Frameworks\"",
				);
				GCC_PRECOMPILE_PREFIX_HEADER = YES;
				GCC_PREFIX_HEADER = "Classes/SMARTFramework-Prefix.pch";
				INFOPLIST_FILE = "SMARTFrameworkTests/SMARTFrameworkTests-Info.plist";
				IPHONEOS_DEPLOYMENT_TARGET = 5.0;
				LIBRARY_SEARCH_PATHS = (
					"$(inherited)",
					"$(BUILT_PRODUCTS_DIR)/**",
				);
				PRODUCT_NAME = "$(TARGET_NAME)";
				WRAPPER_EXTENSION = octest;
			};
			name = Release;
		};
/* End XCBuildConfiguration section */

/* Begin XCConfigurationList section */
		EEC9C58D15CB2EA800B7C568 /* Build configuration list for PBXProject "SMARTFramework" */ = {
			isa = XCConfigurationList;
			buildConfigurations = (
				EEC9C5B715CB2EA900B7C568 /* Debug */,
				EE6A5A9115CC74A000DD0F68 /* Debug+Static */,
				EEC9C5B815CB2EA900B7C568 /* Release */,
			);
			defaultConfigurationIsVisible = 0;
			defaultConfigurationName = Release;
		};
		EEC9C5B915CB2EA900B7C568 /* Build configuration list for PBXNativeTarget "SMART" */ = {
			isa = XCConfigurationList;
			buildConfigurations = (
				EEC9C5BA15CB2EA900B7C568 /* Debug */,
				EE6A5A9215CC74A000DD0F68 /* Debug+Static */,
				EEC9C5BB15CB2EA900B7C568 /* Release */,
			);
			defaultConfigurationIsVisible = 0;
			defaultConfigurationName = Release;
		};
		EEC9C5BC15CB2EA900B7C568 /* Build configuration list for PBXNativeTarget "SMARTFrameworkTests" */ = {
			isa = XCConfigurationList;
			buildConfigurations = (
				EEC9C5BD15CB2EA900B7C568 /* Debug */,
				EE6A5A9315CC74A000DD0F68 /* Debug+Static */,
				EEC9C5BE15CB2EA900B7C568 /* Release */,
			);
			defaultConfigurationIsVisible = 0;
			defaultConfigurationName = Release;
		};
/* End XCConfigurationList section */
	};
	rootObject = EEC9C58A15CB2EA800B7C568 /* Project object */;
}
